// !$*UTF8*$!
{
	archiveVersion = 1;
	classes = {
	};
	objectVersion = 51;
	objects = {

/* Begin PBXBuildFile section */
		145580BE22F41423003671CC /* ManualAddress.swift in Sources */ = {isa = PBXBuildFile; fileRef = 145580BD22F41423003671CC /* ManualAddress.swift */; };
		14719E7722F1C1A7001B69B7 /* IQTextView.swift in Sources */ = {isa = PBXBuildFile; fileRef = 14719E6122F1C1A7001B69B7 /* IQTextView.swift */; };
		14719E7822F1C1A7001B69B7 /* IQPreviousNextView.swift in Sources */ = {isa = PBXBuildFile; fileRef = 14719E6322F1C1A7001B69B7 /* IQPreviousNextView.swift */; };
		14719E7922F1C1A7001B69B7 /* IQTitleBarButtonItem.swift in Sources */ = {isa = PBXBuildFile; fileRef = 14719E6422F1C1A7001B69B7 /* IQTitleBarButtonItem.swift */; };
		14719E7A22F1C1A7001B69B7 /* IQBarButtonItem.swift in Sources */ = {isa = PBXBuildFile; fileRef = 14719E6522F1C1A7001B69B7 /* IQBarButtonItem.swift */; };
		14719E7B22F1C1A7001B69B7 /* IQToolbar.swift in Sources */ = {isa = PBXBuildFile; fileRef = 14719E6622F1C1A7001B69B7 /* IQToolbar.swift */; };
		14719E7C22F1C1A7001B69B7 /* IQUIView+IQKeyboardToolbar.swift in Sources */ = {isa = PBXBuildFile; fileRef = 14719E6722F1C1A7001B69B7 /* IQUIView+IQKeyboardToolbar.swift */; };
		14719E7D22F1C1A7001B69B7 /* IQInvocation.swift in Sources */ = {isa = PBXBuildFile; fileRef = 14719E6822F1C1A7001B69B7 /* IQInvocation.swift */; };
		14719E7E22F1C1A7001B69B7 /* IQKeyboardManagerConstantsInternal.swift in Sources */ = {isa = PBXBuildFile; fileRef = 14719E6A22F1C1A7001B69B7 /* IQKeyboardManagerConstantsInternal.swift */; };
		14719E7F22F1C1A7001B69B7 /* IQKeyboardManagerConstants.swift in Sources */ = {isa = PBXBuildFile; fileRef = 14719E6B22F1C1A7001B69B7 /* IQKeyboardManagerConstants.swift */; };
		14719E8022F1C1A7001B69B7 /* IQKeyboardManager.bundle in Resources */ = {isa = PBXBuildFile; fileRef = 14719E6D22F1C1A7001B69B7 /* IQKeyboardManager.bundle */; };
		14719E8122F1C1A7001B69B7 /* IQKeyboardReturnKeyHandler.swift in Sources */ = {isa = PBXBuildFile; fileRef = 14719E6E22F1C1A7001B69B7 /* IQKeyboardReturnKeyHandler.swift */; };
		14719E8222F1C1A7001B69B7 /* IQKeyboardManager.swift in Sources */ = {isa = PBXBuildFile; fileRef = 14719E6F22F1C1A7001B69B7 /* IQKeyboardManager.swift */; };
		14719E8322F1C1A7001B69B7 /* IQUIScrollView+Additions.swift in Sources */ = {isa = PBXBuildFile; fileRef = 14719E7222F1C1A7001B69B7 /* IQUIScrollView+Additions.swift */; };
		14719E8422F1C1A7001B69B7 /* IQUIViewController+Additions.swift in Sources */ = {isa = PBXBuildFile; fileRef = 14719E7322F1C1A7001B69B7 /* IQUIViewController+Additions.swift */; };
		14719E8522F1C1A7001B69B7 /* IQUITextFieldView+Additions.swift in Sources */ = {isa = PBXBuildFile; fileRef = 14719E7422F1C1A7001B69B7 /* IQUITextFieldView+Additions.swift */; };
		14719E8622F1C1A7001B69B7 /* IQUIView+Hierarchy.swift in Sources */ = {isa = PBXBuildFile; fileRef = 14719E7522F1C1A7001B69B7 /* IQUIView+Hierarchy.swift */; };
		14719E8722F1C1A7001B69B7 /* IQNSArray+Sort.swift in Sources */ = {isa = PBXBuildFile; fileRef = 14719E7622F1C1A7001B69B7 /* IQNSArray+Sort.swift */; };
		149F5C0B22EEBCA2009932E6 /* AppDelegate.swift in Sources */ = {isa = PBXBuildFile; fileRef = 149F5C0A22EEBCA2009932E6 /* AppDelegate.swift */; };
		149F5C0D22EEBCA2009932E6 /* ViewController.swift in Sources */ = {isa = PBXBuildFile; fileRef = 149F5C0C22EEBCA2009932E6 /* ViewController.swift */; };
		149F5C1022EEBCA2009932E6 /* Main.storyboard in Resources */ = {isa = PBXBuildFile; fileRef = 149F5C0E22EEBCA2009932E6 /* Main.storyboard */; };
		149F5C1222EEBCBC009932E6 /* Assets.xcassets in Resources */ = {isa = PBXBuildFile; fileRef = 149F5C1122EEBCBC009932E6 /* Assets.xcassets */; };
		149F5C1522EEBCBC009932E6 /* LaunchScreen.storyboard in Resources */ = {isa = PBXBuildFile; fileRef = 149F5C1322EEBCBC009932E6 /* LaunchScreen.storyboard */; };
		7C80E6AC1ACD08ABCF6B9337 /* Pods_MapView.framework in Frameworks */ = {isa = PBXBuildFile; fileRef = B122C80E27FB03C92D2F918F /* Pods_MapView.framework */; };
/* End PBXBuildFile section */

/* Begin PBXFileReference section */
		145580BD22F41423003671CC /* ManualAddress.swift */ = {isa = PBXFileReference; lastKnownFileType = sourcecode.swift; path = ManualAddress.swift; sourceTree = "<group>"; };
		14719E6122F1C1A7001B69B7 /* IQTextView.swift */ = {isa = PBXFileReference; fileEncoding = 4; lastKnownFileType = sourcecode.swift; path = IQTextView.swift; sourceTree = "<group>"; };
		14719E6322F1C1A7001B69B7 /* IQPreviousNextView.swift */ = {isa = PBXFileReference; fileEncoding = 4; lastKnownFileType = sourcecode.swift; path = IQPreviousNextView.swift; sourceTree = "<group>"; };
		14719E6422F1C1A7001B69B7 /* IQTitleBarButtonItem.swift */ = {isa = PBXFileReference; fileEncoding = 4; lastKnownFileType = sourcecode.swift; path = IQTitleBarButtonItem.swift; sourceTree = "<group>"; };
		14719E6522F1C1A7001B69B7 /* IQBarButtonItem.swift */ = {isa = PBXFileReference; fileEncoding = 4; lastKnownFileType = sourcecode.swift; path = IQBarButtonItem.swift; sourceTree = "<group>"; };
		14719E6622F1C1A7001B69B7 /* IQToolbar.swift */ = {isa = PBXFileReference; fileEncoding = 4; lastKnownFileType = sourcecode.swift; path = IQToolbar.swift; sourceTree = "<group>"; };
		14719E6722F1C1A7001B69B7 /* IQUIView+IQKeyboardToolbar.swift */ = {isa = PBXFileReference; fileEncoding = 4; lastKnownFileType = sourcecode.swift; path = "IQUIView+IQKeyboardToolbar.swift"; sourceTree = "<group>"; };
		14719E6822F1C1A7001B69B7 /* IQInvocation.swift */ = {isa = PBXFileReference; fileEncoding = 4; lastKnownFileType = sourcecode.swift; path = IQInvocation.swift; sourceTree = "<group>"; };
		14719E6A22F1C1A7001B69B7 /* IQKeyboardManagerConstantsInternal.swift */ = {isa = PBXFileReference; fileEncoding = 4; lastKnownFileType = sourcecode.swift; path = IQKeyboardManagerConstantsInternal.swift; sourceTree = "<group>"; };
		14719E6B22F1C1A7001B69B7 /* IQKeyboardManagerConstants.swift */ = {isa = PBXFileReference; fileEncoding = 4; lastKnownFileType = sourcecode.swift; path = IQKeyboardManagerConstants.swift; sourceTree = "<group>"; };
		14719E6D22F1C1A7001B69B7 /* IQKeyboardManager.bundle */ = {isa = PBXFileReference; lastKnownFileType = "wrapper.plug-in"; path = IQKeyboardManager.bundle; sourceTree = "<group>"; };
		14719E6E22F1C1A7001B69B7 /* IQKeyboardReturnKeyHandler.swift */ = {isa = PBXFileReference; fileEncoding = 4; lastKnownFileType = sourcecode.swift; path = IQKeyboardReturnKeyHandler.swift; sourceTree = "<group>"; };
		14719E6F22F1C1A7001B69B7 /* IQKeyboardManager.swift */ = {isa = PBXFileReference; fileEncoding = 4; lastKnownFileType = sourcecode.swift; path = IQKeyboardManager.swift; sourceTree = "<group>"; };
		14719E7022F1C1A7001B69B7 /* IQKeyboardManagerSwift.h */ = {isa = PBXFileReference; fileEncoding = 4; lastKnownFileType = sourcecode.c.h; path = IQKeyboardManagerSwift.h; sourceTree = "<group>"; };
		14719E7222F1C1A7001B69B7 /* IQUIScrollView+Additions.swift */ = {isa = PBXFileReference; fileEncoding = 4; lastKnownFileType = sourcecode.swift; path = "IQUIScrollView+Additions.swift"; sourceTree = "<group>"; };
		14719E7322F1C1A7001B69B7 /* IQUIViewController+Additions.swift */ = {isa = PBXFileReference; fileEncoding = 4; lastKnownFileType = sourcecode.swift; path = "IQUIViewController+Additions.swift"; sourceTree = "<group>"; };
		14719E7422F1C1A7001B69B7 /* IQUITextFieldView+Additions.swift */ = {isa = PBXFileReference; fileEncoding = 4; lastKnownFileType = sourcecode.swift; path = "IQUITextFieldView+Additions.swift"; sourceTree = "<group>"; };
		14719E7522F1C1A7001B69B7 /* IQUIView+Hierarchy.swift */ = {isa = PBXFileReference; fileEncoding = 4; lastKnownFileType = sourcecode.swift; path = "IQUIView+Hierarchy.swift"; sourceTree = "<group>"; };
		14719E7622F1C1A7001B69B7 /* IQNSArray+Sort.swift */ = {isa = PBXFileReference; fileEncoding = 4; lastKnownFileType = sourcecode.swift; path = "IQNSArray+Sort.swift"; sourceTree = "<group>"; };
		147DF11F7C89EC56584A85E2 /* Pods-MapView.release.xcconfig */ = {isa = PBXFileReference; includeInIndex = 1; lastKnownFileType = text.xcconfig; name = "Pods-MapView.release.xcconfig"; path = "Target Support Files/Pods-MapView/Pods-MapView.release.xcconfig"; sourceTree = "<group>"; };
		149F5C0722EEBCA1009932E6 /* MapView.app */ = {isa = PBXFileReference; explicitFileType = wrapper.application; includeInIndex = 0; path = MapView.app; sourceTree = BUILT_PRODUCTS_DIR; };
		149F5C0A22EEBCA2009932E6 /* AppDelegate.swift */ = {isa = PBXFileReference; lastKnownFileType = sourcecode.swift; path = AppDelegate.swift; sourceTree = "<group>"; };
		149F5C0C22EEBCA2009932E6 /* ViewController.swift */ = {isa = PBXFileReference; lastKnownFileType = sourcecode.swift; path = ViewController.swift; sourceTree = "<group>"; };
		149F5C0F22EEBCA2009932E6 /* Base */ = {isa = PBXFileReference; lastKnownFileType = file.storyboard; name = Base; path = Base.lproj/Main.storyboard; sourceTree = "<group>"; };
		149F5C1122EEBCBC009932E6 /* Assets.xcassets */ = {isa = PBXFileReference; lastKnownFileType = folder.assetcatalog; path = Assets.xcassets; sourceTree = "<group>"; };
		149F5C1422EEBCBC009932E6 /* Base */ = {isa = PBXFileReference; lastKnownFileType = file.storyboard; name = Base; path = Base.lproj/LaunchScreen.storyboard; sourceTree = "<group>"; };
		149F5C1622EEBCBC009932E6 /* Info.plist */ = {isa = PBXFileReference; lastKnownFileType = text.plist.xml; path = Info.plist; sourceTree = "<group>"; };
		23D25D04D3AEA012ACE22B19 /* Pods-MapView.debug.xcconfig */ = {isa = PBXFileReference; includeInIndex = 1; lastKnownFileType = text.xcconfig; name = "Pods-MapView.debug.xcconfig"; path = "Target Support Files/Pods-MapView/Pods-MapView.debug.xcconfig"; sourceTree = "<group>"; };
		B122C80E27FB03C92D2F918F /* Pods_MapView.framework */ = {isa = PBXFileReference; explicitFileType = wrapper.framework; includeInIndex = 0; path = Pods_MapView.framework; sourceTree = BUILT_PRODUCTS_DIR; };
/* End PBXFileReference section */

/* Begin PBXFrameworksBuildPhase section */
		149F5C0422EEBCA1009932E6 /* Frameworks */ = {
			isa = PBXFrameworksBuildPhase;
			buildActionMask = 2147483647;
			files = (
				7C80E6AC1ACD08ABCF6B9337 /* Pods_MapView.framework in Frameworks */,
			);
			runOnlyForDeploymentPostprocessing = 0;
		};
/* End PBXFrameworksBuildPhase section */

/* Begin PBXGroup section */
		14719E5F22F1C1A7001B69B7 /* IQKeyboardManagerSwift */ = {
			isa = PBXGroup;
			children = (
				14719E6022F1C1A7001B69B7 /* IQTextView */,
				14719E6222F1C1A7001B69B7 /* IQToolbar */,
				14719E6922F1C1A7001B69B7 /* Constants */,
				14719E6C22F1C1A7001B69B7 /* Resources */,
				14719E6E22F1C1A7001B69B7 /* IQKeyboardReturnKeyHandler.swift */,
				14719E6F22F1C1A7001B69B7 /* IQKeyboardManager.swift */,
				14719E7022F1C1A7001B69B7 /* IQKeyboardManagerSwift.h */,
				14719E7122F1C1A7001B69B7 /* Categories */,
			);
			path = IQKeyboardManagerSwift;
			sourceTree = "<group>";
		};
		14719E6022F1C1A7001B69B7 /* IQTextView */ = {
			isa = PBXGroup;
			children = (
				14719E6122F1C1A7001B69B7 /* IQTextView.swift */,
			);
			path = IQTextView;
			sourceTree = "<group>";
		};
		14719E6222F1C1A7001B69B7 /* IQToolbar */ = {
			isa = PBXGroup;
			children = (
				14719E6322F1C1A7001B69B7 /* IQPreviousNextView.swift */,
				14719E6422F1C1A7001B69B7 /* IQTitleBarButtonItem.swift */,
				14719E6522F1C1A7001B69B7 /* IQBarButtonItem.swift */,
				14719E6622F1C1A7001B69B7 /* IQToolbar.swift */,
				14719E6722F1C1A7001B69B7 /* IQUIView+IQKeyboardToolbar.swift */,
				14719E6822F1C1A7001B69B7 /* IQInvocation.swift */,
			);
			path = IQToolbar;
			sourceTree = "<group>";
		};
		14719E6922F1C1A7001B69B7 /* Constants */ = {
			isa = PBXGroup;
			children = (
				14719E6A22F1C1A7001B69B7 /* IQKeyboardManagerConstantsInternal.swift */,
				14719E6B22F1C1A7001B69B7 /* IQKeyboardManagerConstants.swift */,
			);
			path = Constants;
			sourceTree = "<group>";
		};
		14719E6C22F1C1A7001B69B7 /* Resources */ = {
			isa = PBXGroup;
			children = (
				14719E6D22F1C1A7001B69B7 /* IQKeyboardManager.bundle */,
			);
			path = Resources;
			sourceTree = "<group>";
		};
		14719E7122F1C1A7001B69B7 /* Categories */ = {
			isa = PBXGroup;
			children = (
				14719E7222F1C1A7001B69B7 /* IQUIScrollView+Additions.swift */,
				14719E7322F1C1A7001B69B7 /* IQUIViewController+Additions.swift */,
				14719E7422F1C1A7001B69B7 /* IQUITextFieldView+Additions.swift */,
				14719E7522F1C1A7001B69B7 /* IQUIView+Hierarchy.swift */,
				14719E7622F1C1A7001B69B7 /* IQNSArray+Sort.swift */,
			);
			path = Categories;
			sourceTree = "<group>";
		};
		149F5BFE22EEBCA1009932E6 = {
			isa = PBXGroup;
			children = (
				149F5C0922EEBCA1009932E6 /* MapView */,
				149F5C0822EEBCA1009932E6 /* Products */,
				42089298F843070CBC9C7E6D /* Pods */,
				4A8CF012DFE0570205618515 /* Frameworks */,
			);
			sourceTree = "<group>";
		};
		149F5C0822EEBCA1009932E6 /* Products */ = {
			isa = PBXGroup;
			children = (
				149F5C0722EEBCA1009932E6 /* MapView.app */,
			);
			name = Products;
			sourceTree = "<group>";
		};
		149F5C0922EEBCA1009932E6 /* MapView */ = {
			isa = PBXGroup;
			children = (
				14719E5F22F1C1A7001B69B7 /* IQKeyboardManagerSwift */,
				149F5C0A22EEBCA2009932E6 /* AppDelegate.swift */,
				149F5C0C22EEBCA2009932E6 /* ViewController.swift */,
				145580BD22F41423003671CC /* ManualAddress.swift */,
				149F5C0E22EEBCA2009932E6 /* Main.storyboard */,
				149F5C1122EEBCBC009932E6 /* Assets.xcassets */,
				149F5C1322EEBCBC009932E6 /* LaunchScreen.storyboard */,
				149F5C1622EEBCBC009932E6 /* Info.plist */,
			);
			path = MapView;
			sourceTree = "<group>";
		};
		42089298F843070CBC9C7E6D /* Pods */ = {
			isa = PBXGroup;
			children = (
				23D25D04D3AEA012ACE22B19 /* Pods-MapView.debug.xcconfig */,
				147DF11F7C89EC56584A85E2 /* Pods-MapView.release.xcconfig */,
			);
			path = Pods;
			sourceTree = "<group>";
		};
		4A8CF012DFE0570205618515 /* Frameworks */ = {
			isa = PBXGroup;
			children = (
				B122C80E27FB03C92D2F918F /* Pods_MapView.framework */,
			);
			name = Frameworks;
			sourceTree = "<group>";
		};
/* End PBXGroup section */

/* Begin PBXNativeTarget section */
		149F5C0622EEBCA1009932E6 /* MapView */ = {
			isa = PBXNativeTarget;
			buildConfigurationList = 149F5C1922EEBCBC009932E6 /* Build configuration list for PBXNativeTarget "MapView" */;
			buildPhases = (
				DC5B4799DBAF12119DA39F4D /* [CP] Check Pods Manifest.lock */,
				149F5C0322EEBCA1009932E6 /* Sources */,
				149F5C0422EEBCA1009932E6 /* Frameworks */,
				149F5C0522EEBCA1009932E6 /* Resources */,
				6C638B1F1521EBDAB0BCD7F6 /* [CP] Copy Pods Resources */,
			);
			buildRules = (
			);
			dependencies = (
			);
			name = MapView;
			productName = MapView;
			productReference = 149F5C0722EEBCA1009932E6 /* MapView.app */;
			productType = "com.apple.product-type.application";
		};
/* End PBXNativeTarget section */

/* Begin PBXProject section */
		149F5BFF22EEBCA1009932E6 /* Project object */ = {
			isa = PBXProject;
			attributes = {
				LastSwiftUpdateCheck = 1020;
				LastUpgradeCheck = 1020;
				ORGANIZATIONNAME = "D2V Software Solutions pvt ltd";
				TargetAttributes = {
					149F5C0622EEBCA1009932E6 = {
						CreatedOnToolsVersion = 10.2.1;
					};
				};
			};
			buildConfigurationList = 149F5C0222EEBCA1009932E6 /* Build configuration list for PBXProject "MapView" */;
			compatibilityVersion = "Xcode 9.3";
			developmentRegion = en;
			hasScannedForEncodings = 0;
			knownRegions = (
				en,
				Base,
			);
			mainGroup = 149F5BFE22EEBCA1009932E6;
			productRefGroup = 149F5C0822EEBCA1009932E6 /* Products */;
			projectDirPath = "";
			projectRoot = "";
			targets = (
				149F5C0622EEBCA1009932E6 /* MapView */,
			);
		};
/* End PBXProject section */

/* Begin PBXResourcesBuildPhase section */
		149F5C0522EEBCA1009932E6 /* Resources */ = {
			isa = PBXResourcesBuildPhase;
			buildActionMask = 2147483647;
			files = (
				149F5C1522EEBCBC009932E6 /* LaunchScreen.storyboard in Resources */,
				149F5C1222EEBCBC009932E6 /* Assets.xcassets in Resources */,
				14719E8022F1C1A7001B69B7 /* IQKeyboardManager.bundle in Resources */,
				149F5C1022EEBCA2009932E6 /* Main.storyboard in Resources */,
			);
			runOnlyForDeploymentPostprocessing = 0;
		};
/* End PBXResourcesBuildPhase section */

/* Begin PBXShellScriptBuildPhase section */
		6C638B1F1521EBDAB0BCD7F6 /* [CP] Copy Pods Resources */ = {
			isa = PBXShellScriptBuildPhase;
			buildActionMask = 2147483647;
			files = (
			);
			inputFileListPaths = (
				"${PODS_ROOT}/Target Support Files/Pods-MapView/Pods-MapView-resources-${CONFIGURATION}-input-files.xcfilelist",
			);
			name = "[CP] Copy Pods Resources";
			outputFileListPaths = (
				"${PODS_ROOT}/Target Support Files/Pods-MapView/Pods-MapView-resources-${CONFIGURATION}-output-files.xcfilelist",
			);
			runOnlyForDeploymentPostprocessing = 0;
			shellPath = /bin/sh;
			shellScript = "\"${PODS_ROOT}/Target Support Files/Pods-MapView/Pods-MapView-resources.sh\"\n";
			showEnvVarsInLog = 0;
		};
		DC5B4799DBAF12119DA39F4D /* [CP] Check Pods Manifest.lock */ = {
			isa = PBXShellScriptBuildPhase;
			buildActionMask = 2147483647;
			files = (
			);
			inputFileListPaths = (
			);
			inputPaths = (
				"${PODS_PODFILE_DIR_PATH}/Podfile.lock",
				"${PODS_ROOT}/Manifest.lock",
			);
			name = "[CP] Check Pods Manifest.lock";
			outputFileListPaths = (
			);
			outputPaths = (
				"$(DERIVED_FILE_DIR)/Pods-MapView-checkManifestLockResult.txt",
			);
			runOnlyForDeploymentPostprocessing = 0;
			shellPath = /bin/sh;
			shellScript = "diff \"${PODS_PODFILE_DIR_PATH}/Podfile.lock\" \"${PODS_ROOT}/Manifest.lock\" > /dev/null\nif [ $? != 0 ] ; then\n    # print error to STDERR\n    echo \"error: The sandbox is not in sync with the Podfile.lock. Run 'pod install' or update your CocoaPods installation.\" >&2\n    exit 1\nfi\n# This output is used by Xcode 'outputs' to avoid re-running this script phase.\necho \"SUCCESS\" > \"${SCRIPT_OUTPUT_FILE_0}\"\n";
			showEnvVarsInLog = 0;
		};
/* End PBXShellScriptBuildPhase section */

/* Begin PBXSourcesBuildPhase section */
		149F5C0322EEBCA1009932E6 /* Sources */ = {
			isa = PBXSourcesBuildPhase;
			buildActionMask = 2147483647;
			files = (
				14719E7A22F1C1A7001B69B7 /* IQBarButtonItem.swift in Sources */,
				145580BE22F41423003671CC /* ManualAddress.swift in Sources */,
				14719E7F22F1C1A7001B69B7 /* IQKeyboardManagerConstants.swift in Sources */,
				14719E8122F1C1A7001B69B7 /* IQKeyboardReturnKeyHandler.swift in Sources */,
				14719E7B22F1C1A7001B69B7 /* IQToolbar.swift in Sources */,
				14719E8222F1C1A7001B69B7 /* IQKeyboardManager.swift in Sources */,
				14719E8322F1C1A7001B69B7 /* IQUIScrollView+Additions.swift in Sources */,
				14719E8522F1C1A7001B69B7 /* IQUITextFieldView+Additions.swift in Sources */,
				14719E8622F1C1A7001B69B7 /* IQUIView+Hierarchy.swift in Sources */,
				14719E8722F1C1A7001B69B7 /* IQNSArray+Sort.swift in Sources */,
				14719E7822F1C1A7001B69B7 /* IQPreviousNextView.swift in Sources */,
				149F5C0D22EEBCA2009932E6 /* ViewController.swift in Sources */,
				149F5C0B22EEBCA2009932E6 /* AppDelegate.swift in Sources */,
				14719E7E22F1C1A7001B69B7 /* IQKeyboardManagerConstantsInternal.swift in Sources */,
				14719E7722F1C1A7001B69B7 /* IQTextView.swift in Sources */,
				14719E7D22F1C1A7001B69B7 /* IQInvocation.swift in Sources */,
				14719E8422F1C1A7001B69B7 /* IQUIViewController+Additions.swift in Sources */,
				14719E7C22F1C1A7001B69B7 /* IQUIView+IQKeyboardToolbar.swift in Sources */,
				14719E7922F1C1A7001B69B7 /* IQTitleBarButtonItem.swift in Sources */,
			);
			runOnlyForDeploymentPostprocessing = 0;
		};
/* End PBXSourcesBuildPhase section */

/* Begin PBXVariantGroup section */
		149F5C0E22EEBCA2009932E6 /* Main.storyboard */ = {
			isa = PBXVariantGroup;
			children = (
				149F5C0F22EEBCA2009932E6 /* Base */,
			);
			name = Main.storyboard;
			sourceTree = "<group>";
		};
		149F5C1322EEBCBC009932E6 /* LaunchScreen.storyboard */ = {
			isa = PBXVariantGroup;
			children = (
				149F5C1422EEBCBC009932E6 /* Base */,
			);
			name = LaunchScreen.storyboard;
			sourceTree = "<group>";
		};
/* End PBXVariantGroup section */

/* Begin XCBuildConfiguration section */
		149F5C1722EEBCBC009932E6 /* Debug */ = {
			isa = XCBuildConfiguration;
			buildSettings = {
				ALWAYS_SEARCH_USER_PATHS = NO;
				CLANG_ANALYZER_NONNULL = YES;
				CLANG_ANALYZER_NUMBER_OBJECT_CONVERSION = YES_AGGRESSIVE;
				CLANG_CXX_LANGUAGE_STANDARD = "gnu++14";
				CLANG_CXX_LIBRARY = "libc++";
				CLANG_ENABLE_MODULES = YES;
				CLANG_ENABLE_OBJC_ARC = YES;
				CLANG_ENABLE_OBJC_WEAK = YES;
				CLANG_WARN_BLOCK_CAPTURE_AUTORELEASING = YES;
				CLANG_WARN_BOOL_CONVERSION = YES;
				CLANG_WARN_COMMA = YES;
				CLANG_WARN_CONSTANT_CONVERSION = YES;
				CLANG_WARN_DEPRECATED_OBJC_IMPLEMENTATIONS = YES;
				CLANG_WARN_DIRECT_OBJC_ISA_USAGE = YES_ERROR;
				CLANG_WARN_DOCUMENTATION_COMMENTS = YES;
				CLANG_WARN_EMPTY_BODY = YES;
				CLANG_WARN_ENUM_CONVERSION = YES;
				CLANG_WARN_INFINITE_RECURSION = YES;
				CLANG_WARN_INT_CONVERSION = YES;
				CLANG_WARN_NON_LITERAL_NULL_CONVERSION = YES;
				CLANG_WARN_OBJC_IMPLICIT_RETAIN_SELF = YES;
				CLANG_WARN_OBJC_LITERAL_CONVERSION = YES;
				CLANG_WARN_OBJC_ROOT_CLASS = YES_ERROR;
				CLANG_WARN_RANGE_LOOP_ANALYSIS = YES;
				CLANG_WARN_STRICT_PROTOTYPES = YES;
				CLANG_WARN_SUSPICIOUS_MOVE = YES;
				CLANG_WARN_UNGUARDED_AVAILABILITY = YES_AGGRESSIVE;
				CLANG_WARN_UNREACHABLE_CODE = YES;
				CLANG_WARN__DUPLICATE_METHOD_MATCH = YES;
				CODE_SIGN_IDENTITY = "iPhone Developer";
				COPY_PHASE_STRIP = NO;
				DEBUG_INFORMATION_FORMAT = dwarf;
				ENABLE_STRICT_OBJC_MSGSEND = YES;
				ENABLE_TESTABILITY = YES;
				GCC_C_LANGUAGE_STANDARD = gnu11;
				GCC_DYNAMIC_NO_PIC = NO;
				GCC_NO_COMMON_BLOCKS = YES;
				GCC_OPTIMIZATION_LEVEL = 0;
				GCC_PREPROCESSOR_DEFINITIONS = (
					"DEBUG=1",
					"$(inherited)",
				);
				GCC_WARN_64_TO_32_BIT_CONVERSION = YES;
				GCC_WARN_ABOUT_RETURN_TYPE = YES_ERROR;
				GCC_WARN_UNDECLARED_SELECTOR = YES;
				GCC_WARN_UNINITIALIZED_AUTOS = YES_AGGRESSIVE;
				GCC_WARN_UNUSED_FUNCTION = YES;
				GCC_WARN_UNUSED_VARIABLE = YES;
				IPHONEOS_DEPLOYMENT_TARGET = 12.2;
				MTL_ENABLE_DEBUG_INFO = INCLUDE_SOURCE;
				MTL_FAST_MATH = YES;
				ONLY_ACTIVE_ARCH = YES;
				SDKROOT = iphoneos;
				SWIFT_ACTIVE_COMPILATION_CONDITIONS = DEBUG;
				SWIFT_OPTIMIZATION_LEVEL = "-Onone";
			};
			name = Debug;
		};
		149F5C1822EEBCBC009932E6 /* Release */ = {
			isa = XCBuildConfiguration;
			buildSettings = {
				ALWAYS_SEARCH_USER_PATHS = NO;
				CLANG_ANALYZER_NONNULL = YES;
				CLANG_ANALYZER_NUMBER_OBJECT_CONVERSION = YES_AGGRESSIVE;
				CLANG_CXX_LANGUAGE_STANDARD = "gnu++14";
				CLANG_CXX_LIBRARY = "libc++";
				CLANG_ENABLE_MODULES = YES;
				CLANG_ENABLE_OBJC_ARC = YES;
				CLANG_ENABLE_OBJC_WEAK = YES;
				CLANG_WARN_BLOCK_CAPTURE_AUTORELEASING = YES;
				CLANG_WARN_BOOL_CONVERSION = YES;
				CLANG_WARN_COMMA = YES;
				CLANG_WARN_CONSTANT_CONVERSION = YES;
				CLANG_WARN_DEPRECATED_OBJC_IMPLEMENTATIONS = YES;
				CLANG_WARN_DIRECT_OBJC_ISA_USAGE = YES_ERROR;
				CLANG_WARN_DOCUMENTATION_COMMENTS = YES;
				CLANG_WARN_EMPTY_BODY = YES;
				CLANG_WARN_ENUM_CONVERSION = YES;
				CLANG_WARN_INFINITE_RECURSION = YES;
				CLANG_WARN_INT_CONVERSION = YES;
				CLANG_WARN_NON_LITERAL_NULL_CONVERSION = YES;
				CLANG_WARN_OBJC_IMPLICIT_RETAIN_SELF = YES;
				CLANG_WARN_OBJC_LITERAL_CONVERSION = YES;
				CLANG_WARN_OBJC_ROOT_CLASS = YES_ERROR;
				CLANG_WARN_RANGE_LOOP_ANALYSIS = YES;
				CLANG_WARN_STRICT_PROTOTYPES = YES;
				CLANG_WARN_SUSPICIOUS_MOVE = YES;
				CLANG_WARN_UNGUARDED_AVAILABILITY = YES_AGGRESSIVE;
				CLANG_WARN_UNREACHABLE_CODE = YES;
				CLANG_WARN__DUPLICATE_METHOD_MATCH = YES;
				CODE_SIGN_IDENTITY = "iPhone Developer";
				COPY_PHASE_STRIP = NO;
				DEBUG_INFORMATION_FORMAT = "dwarf-with-dsym";
				ENABLE_NS_ASSERTIONS = NO;
				ENABLE_STRICT_OBJC_MSGSEND = YES;
				GCC_C_LANGUAGE_STANDARD = gnu11;
				GCC_NO_COMMON_BLOCKS = YES;
				GCC_WARN_64_TO_32_BIT_CONVERSION = YES;
				GCC_WARN_ABOUT_RETURN_TYPE = YES_ERROR;
				GCC_WARN_UNDECLARED_SELECTOR = YES;
				GCC_WARN_UNINITIALIZED_AUTOS = YES_AGGRESSIVE;
				GCC_WARN_UNUSED_FUNCTION = YES;
				GCC_WARN_UNUSED_VARIABLE = YES;
				IPHONEOS_DEPLOYMENT_TARGET = 12.2;
				MTL_ENABLE_DEBUG_INFO = NO;
				MTL_FAST_MATH = YES;
				SDKROOT = iphoneos;
				SWIFT_COMPILATION_MODE = wholemodule;
				SWIFT_OPTIMIZATION_LEVEL = "-O";
				VALIDATE_PRODUCT = YES;
			};
			name = Release;
		};
		149F5C1A22EEBCBC009932E6 /* Debug */ = {
			isa = XCBuildConfiguration;
			baseConfigurationReference = 23D25D04D3AEA012ACE22B19 /* Pods-MapView.debug.xcconfig */;
			buildSettings = {
				ASSETCATALOG_COMPILER_APPICON_NAME = AppIcon;
				CODE_SIGN_STYLE = Automatic;
				DEVELOPMENT_TEAM = BGK7UGU9Y2;
				INFOPLIST_FILE = MapView/Info.plist;
				LD_RUNPATH_SEARCH_PATHS = (
					"$(inherited)",
					"@executable_path/Frameworks",
				);
				PRODUCT_BUNDLE_IDENTIFIER = com.app.delivery;
				PRODUCT_NAME = "$(TARGET_NAME)";
				SWIFT_VERSION = 5.0;
				TARGETED_DEVICE_FAMILY = "1,2";
			};
			name = Debug;
		};
		149F5C1B22EEBCBC009932E6 /* Release */ = {
			isa = XCBuildConfiguration;
			baseConfigurationReference = 147DF11F7C89EC56584A85E2 /* Pods-MapView.release.xcconfig */;
			buildSettings = {
				ASSETCATALOG_COMPILER_APPICON_NAME = AppIcon;
				CODE_SIGN_STYLE = Automatic;
				DEVELOPMENT_TEAM = BGK7UGU9Y2;
				INFOPLIST_FILE = MapView/Info.plist;
				LD_RUNPATH_SEARCH_PATHS = (
					"$(inherited)",
					"@executable_path/Frameworks",
				);
				PRODUCT_BUNDLE_IDENTIFIER = com.app.delivery;
				PRODUCT_NAME = "$(TARGET_NAME)";
				SWIFT_VERSION = 5.0;
				TARGETED_DEVICE_FAMILY = "1,2";
			};
			name = Release;
		};
/* End XCBuildConfiguration section */

/* Begin XCConfigurationList section */
		149F5C0222EEBCA1009932E6 /* Build configuration list for PBXProject "MapView" */ = {
			isa = XCConfigurationList;
			buildConfigurations = (
				149F5C1722EEBCBC009932E6 /* Debug */,
				149F5C1822EEBCBC009932E6 /* Release */,
			);
			defaultConfigurationIsVisible = 0;
			defaultConfigurationName = Release;
		};
		149F5C1922EEBCBC009932E6 /* Build configuration list for PBXNativeTarget "MapView" */ = {
			isa = XCConfigurationList;
			buildConfigurations = (
				149F5C1A22EEBCBC009932E6 /* Debug */,
				149F5C1B22EEBCBC009932E6 /* Release */,
			);
			defaultConfigurationIsVisible = 0;
			defaultConfigurationName = Release;
		};
/* End XCConfigurationList section */
	};
	rootObject = 149F5BFF22EEBCA1009932E6 /* Project object */;
}
